// !$*UTF8*$!
{
	archiveVersion = 1;
	classes = {
	};
	objectVersion = 46;
	objects = {

/* Begin PBXBuildFile section */
		03675E201B9792E800FD589A /* AppDelegate.swift in Sources */ = {isa = PBXBuildFile; fileRef = 03675E1F1B9792E800FD589A /* AppDelegate.swift */; };
		03675E221B9792E800FD589A /* ViewController.swift in Sources */ = {isa = PBXBuildFile; fileRef = 03675E211B9792E800FD589A /* ViewController.swift */; };
		03675E251B9792E800FD589A /* Main.storyboard in Resources */ = {isa = PBXBuildFile; fileRef = 03675E231B9792E800FD589A /* Main.storyboard */; };
		03675E271B9792E800FD589A /* Assets.xcassets in Resources */ = {isa = PBXBuildFile; fileRef = 03675E261B9792E800FD589A /* Assets.xcassets */; };
		03675E2A1B9792E800FD589A /* LaunchScreen.storyboard in Resources */ = {isa = PBXBuildFile; fileRef = 03675E281B9792E800FD589A /* LaunchScreen.storyboard */; };
		03675E351B9792E800FD589A /* ScrollingTabControllerTests.swift in Sources */ = {isa = PBXBuildFile; fileRef = 03675E341B9792E800FD589A /* ScrollingTabControllerTests.swift */; };
/* End PBXBuildFile section */

/* Begin PBXContainerItemProxy section */
		03675E311B9792E800FD589A /* PBXContainerItemProxy */ = {
			isa = PBXContainerItemProxy;
			containerPortal = 03675E141B9792E800FD589A /* Project object */;
			proxyType = 1;
			remoteGlobalIDString = 03675E1B1B9792E800FD589A;
			remoteInfo = ScrollingTabController;
		};
/* End PBXContainerItemProxy section */

/* Begin PBXFileReference section */
		03675E1C1B9792E800FD589A /* ScrollingTabController.app */ = {isa = PBXFileReference; explicitFileType = wrapper.application; includeInIndex = 0; path = ScrollingTabController.app; sourceTree = BUILT_PRODUCTS_DIR; };
		03675E1F1B9792E800FD589A /* AppDelegate.swift */ = {isa = PBXFileReference; lastKnownFileType = sourcecode.swift; path = AppDelegate.swift; sourceTree = "<group>"; };
		03675E211B9792E800FD589A /* ViewController.swift */ = {isa = PBXFileReference; lastKnownFileType = sourcecode.swift; path = ViewController.swift; sourceTree = "<group>"; };
		03675E241B9792E800FD589A /* Base */ = {isa = PBXFileReference; lastKnownFileType = file.storyboard; name = Base; path = Base.lproj/Main.storyboard; sourceTree = "<group>"; };
		03675E261B9792E800FD589A /* Assets.xcassets */ = {isa = PBXFileReference; lastKnownFileType = folder.assetcatalog; path = Assets.xcassets; sourceTree = "<group>"; };
		03675E291B9792E800FD589A /* Base */ = {isa = PBXFileReference; lastKnownFileType = file.storyboard; name = Base; path = Base.lproj/LaunchScreen.storyboard; sourceTree = "<group>"; };
		03675E2B1B9792E800FD589A /* Info.plist */ = {isa = PBXFileReference; lastKnownFileType = text.plist.xml; path = Info.plist; sourceTree = "<group>"; };
		03675E301B9792E800FD589A /* ScrollingTabControllerTests.xctest */ = {isa = PBXFileReference; explicitFileType = wrapper.cfbundle; includeInIndex = 0; path = ScrollingTabControllerTests.xctest; sourceTree = BUILT_PRODUCTS_DIR; };
		03675E341B9792E800FD589A /* ScrollingTabControllerTests.swift */ = {isa = PBXFileReference; lastKnownFileType = sourcecode.swift; path = ScrollingTabControllerTests.swift; sourceTree = "<group>"; };
		03675E361B9792E800FD589A /* Info.plist */ = {isa = PBXFileReference; lastKnownFileType = text.plist.xml; path = Info.plist; sourceTree = "<group>"; };
/* End PBXFileReference section */

/* Begin PBXFrameworksBuildPhase section */
		03675E191B9792E800FD589A /* Frameworks */ = {
			isa = PBXFrameworksBuildPhase;
			buildActionMask = 2147483647;
			files = (
			);
			runOnlyForDeploymentPostprocessing = 0;
		};
		03675E2D1B9792E800FD589A /* Frameworks */ = {
			isa = PBXFrameworksBuildPhase;
			buildActionMask = 2147483647;
			files = (
			);
			runOnlyForDeploymentPostprocessing = 0;
		};
/* End PBXFrameworksBuildPhase section */

/* Begin PBXGroup section */
		03675E131B9792E800FD589A = {
			isa = PBXGroup;
			children = (
				03675E1E1B9792E800FD589A /* ScrollingTabController */,
				03675E331B9792E800FD589A /* ScrollingTabControllerTests */,
				03675E1D1B9792E800FD589A /* Products */,
			);
			sourceTree = "<group>";
		};
		03675E1D1B9792E800FD589A /* Products */ = {
			isa = PBXGroup;
			children = (
				03675E1C1B9792E800FD589A /* ScrollingTabController.app */,
				03675E301B9792E800FD589A /* ScrollingTabControllerTests.xctest */,
			);
			name = Products;
			sourceTree = "<group>";
		};
		03675E1E1B9792E800FD589A /* ScrollingTabController */ = {
			isa = PBXGroup;
			children = (
				03675E1F1B9792E800FD589A /* AppDelegate.swift */,
				03675E211B9792E800FD589A /* ViewController.swift */,
				03675E231B9792E800FD589A /* Main.storyboard */,
				03675E261B9792E800FD589A /* Assets.xcassets */,
				03675E281B9792E800FD589A /* LaunchScreen.storyboard */,
				03675E2B1B9792E800FD589A /* Info.plist */,
			);
			path = ScrollingTabController;
			sourceTree = "<group>";
		};
		03675E331B9792E800FD589A /* ScrollingTabControllerTests */ = {
			isa = PBXGroup;
			children = (
				03675E341B9792E800FD589A /* ScrollingTabControllerTests.swift */,
				03675E361B9792E800FD589A /* Info.plist */,
			);
			path = ScrollingTabControllerTests;
			sourceTree = "<group>";
		};
/* End PBXGroup section */

/* Begin PBXNativeTarget section */
		03675E1B1B9792E800FD589A /* ScrollingTabController */ = {
			isa = PBXNativeTarget;
			buildConfigurationList = 03675E391B9792E800FD589A /* Build configuration list for PBXNativeTarget "ScrollingTabController" */;
			buildPhases = (
				03675E181B9792E800FD589A /* Sources */,
				03675E191B9792E800FD589A /* Frameworks */,
				03675E1A1B9792E800FD589A /* Resources */,
			);
			buildRules = (
			);
			dependencies = (
			);
			name = ScrollingTabController;
			productName = ScrollingTabController;
			productReference = 03675E1C1B9792E800FD589A /* ScrollingTabController.app */;
			productType = "com.apple.product-type.application";
		};
		03675E2F1B9792E800FD589A /* ScrollingTabControllerTests */ = {
			isa = PBXNativeTarget;
			buildConfigurationList = 03675E3C1B9792E800FD589A /* Build configuration list for PBXNativeTarget "ScrollingTabControllerTests" */;
			buildPhases = (
				03675E2C1B9792E800FD589A /* Sources */,
				03675E2D1B9792E800FD589A /* Frameworks */,
				03675E2E1B9792E800FD589A /* Resources */,
			);
			buildRules = (
			);
			dependencies = (
				03675E321B9792E800FD589A /* PBXTargetDependency */,
			);
			name = ScrollingTabControllerTests;
			productName = ScrollingTabControllerTests;
			productReference = 03675E301B9792E800FD589A /* ScrollingTabControllerTests.xctest */;
			productType = "com.apple.product-type.bundle.unit-test";
		};
/* End PBXNativeTarget section */

/* Begin PBXProject section */
		03675E141B9792E800FD589A /* Project object */ = {
			isa = PBXProject;
			attributes = {
				LastUpgradeCheck = 0700;
				ORGANIZATIONNAME = "WillowTree, Inc.";
				TargetAttributes = {
					03675E1B1B9792E800FD589A = {
						CreatedOnToolsVersion = 7.0;
					};
					03675E2F1B9792E800FD589A = {
						CreatedOnToolsVersion = 7.0;
						TestTargetID = 03675E1B1B9792E800FD589A;
					};
				};
			};
			buildConfigurationList = 03675E171B9792E800FD589A /* Build configuration list for PBXProject "ScrollingTabController" */;
			compatibilityVersion = "Xcode 3.2";
			developmentRegion = English;
			hasScannedForEncodings = 0;
			knownRegions = (
				en,
				Base,
			);
			mainGroup = 03675E131B9792E800FD589A;
			productRefGroup = 03675E1D1B9792E800FD589A /* Products */;
			projectDirPath = "";
			projectRoot = "";
			targets = (
				03675E1B1B9792E800FD589A /* ScrollingTabController */,
				03675E2F1B9792E800FD589A /* ScrollingTabControllerTests */,
			);
		};
/* End PBXProject section */

/* Begin PBXResourcesBuildPhase section */
		03675E1A1B9792E800FD589A /* Resources */ = {
			isa = PBXResourcesBuildPhase;
			buildActionMask = 2147483647;
			files = (
				03675E2A1B9792E800FD589A /* LaunchScreen.storyboard in Resources */,
				03675E271B9792E800FD589A /* Assets.xcassets in Resources */,
				03675E251B9792E800FD589A /* Main.storyboard in Resources */,
			);
			runOnlyForDeploymentPostprocessing = 0;
		};
		03675E2E1B9792E800FD589A /* Resources */ = {
			isa = PBXResourcesBuildPhase;
			buildActionMask = 2147483647;
			files = (
			);
			runOnlyForDeploymentPostprocessing = 0;
		};
/* End PBXResourcesBuildPhase section */

/* Begin PBXSourcesBuildPhase section */
		03675E181B9792E800FD589A /* Sources */ = {
			isa = PBXSourcesBuildPhase;
			buildActionMask = 2147483647;
			files = (
				03675E221B9792E800FD589A /* ViewController.swift in Sources */,
				03675E201B9792E800FD589A /* AppDelegate.swift in Sources */,
			);
			runOnlyForDeploymentPostprocessing = 0;
		};
		03675E2C1B9792E800FD589A /* Sources */ = {
			isa = PBXSourcesBuildPhase;
			buildActionMask = 2147483647;
			files = (
				03675E351B9792E800FD589A /* ScrollingTabControllerTests.swift in Sources */,
			);
			runOnlyForDeploymentPostprocessing = 0;
		};
/* End PBXSourcesBuildPhase section */

/* Begin PBXTargetDependency section */
		03675E321B9792E800FD589A /* PBXTargetDependency */ = {
			isa = PBXTargetDependency;
			target = 03675E1B1B9792E800FD589A /* ScrollingTabController */;
			targetProxy = 03675E311B9792E800FD589A /* PBXContainerItemProxy */;
		};
/* End PBXTargetDependency section */

/* Begin PBXVariantGroup section */
		03675E231B9792E800FD589A /* Main.storyboard */ = {
			isa = PBXVariantGroup;
			children = (
				03675E241B9792E800FD589A /* Base */,
			);
			name = Main.storyboard;
			sourceTree = "<group>";
		};
		03675E281B9792E800FD589A /* LaunchScreen.storyboard */ = {
			isa = PBXVariantGroup;
			children = (
				03675E291B9792E800FD589A /* Base */,
			);
			name = LaunchScreen.storyboard;
			sourceTree = "<group>";
		};
/* End PBXVariantGroup section */

/* Begin XCBuildConfiguration section */
		03675E371B9792E800FD589A /* Debug */ = {
			isa = XCBuildConfiguration;
			buildSettings = {
				ALWAYS_SEARCH_USER_PATHS = NO;
				CLANG_CXX_LANGUAGE_STANDARD = "gnu++0x";
				CLANG_CXX_LIBRARY = "libc++";
				CLANG_ENABLE_MODULES = YES;
				CLANG_ENABLE_OBJC_ARC = YES;
				CLANG_WARN_BOOL_CONVERSION = YES;
				CLANG_WARN_CONSTANT_CONVERSION = YES;
				CLANG_WARN_DIRECT_OBJC_ISA_USAGE = YES_ERROR;
				CLANG_WARN_EMPTY_BODY = YES;
				CLANG_WARN_ENUM_CONVERSION = YES;
				CLANG_WARN_INT_CONVERSION = YES;
				CLANG_WARN_OBJC_ROOT_CLASS = YES_ERROR;
				CLANG_WARN_UNREACHABLE_CODE = YES;
				CLANG_WARN__DUPLICATE_METHOD_MATCH = YES;
				"CODE_SIGN_IDENTITY[sdk=iphoneos*]" = "iPhone Developer";
				COPY_PHASE_STRIP = NO;
				DEBUG_INFORMATION_FORMAT = dwarf;
				ENABLE_STRICT_OBJC_MSGSEND = YES;
				ENABLE_TESTABILITY = YES;
				GCC_C_LANGUAGE_STANDARD = gnu99;
				GCC_DYNAMIC_NO_PIC = NO;
				GCC_NO_COMMON_BLOCKS = YES;
				GCC_OPTIMIZATION_LEVEL = 0;
				GCC_PREPROCESSOR_DEFINITIONS = (
					"DEBUG=1",
					"$(inherited)",
				);
				GCC_WARN_64_TO_32_BIT_CONVERSION = YES;
				GCC_WARN_ABOUT_RETURN_TYPE = YES_ERROR;
				GCC_WARN_UNDECLARED_SELECTOR = YES;
				GCC_WARN_UNINITIALIZED_AUTOS = YES_AGGRESSIVE;
				GCC_WARN_UNUSED_FUNCTION = YES;
				GCC_WARN_UNUSED_VARIABLE = YES;
				IPHONEOS_DEPLOYMENT_TARGET = 9.0;
				MTL_ENABLE_DEBUG_INFO = YES;
				ONLY_ACTIVE_ARCH = YES;
				SDKROOT = iphoneos;
				SWIFT_OPTIMIZATION_LEVEL = "-Onone";
				TARGETED_DEVICE_FAMILY = "1,2";
			};
			name = Debug;
		};
		03675E381B9792E800FD589A /* Release */ = {
			isa = XCBuildConfiguration;
			buildSettings = {
				ALWAYS_SEARCH_USER_PATHS = NO;
				CLANG_CXX_LANGUAGE_STANDARD = "gnu++0x";
				CLANG_CXX_LIBRARY = "libc++";
				CLANG_ENABLE_MODULES = YES;
				CLANG_ENABLE_OBJC_ARC = YES;
				CLANG_WARN_BOOL_CONVERSION = YES;
				CLANG_WARN_CONSTANT_CONVERSION = YES;
				CLANG_WARN_DIRECT_OBJC_ISA_USAGE = YES_ERROR;
				CLANG_WARN_EMPTY_BODY = YES;
				CLANG_WARN_ENUM_CONVERSION = YES;
				CLANG_WARN_INT_CONVERSION = YES;
				CLANG_WARN_OBJC_ROOT_CLASS = YES_ERROR;
				CLANG_WARN_UNREACHABLE_CODE = YES;
				CLANG_WARN__DUPLICATE_METHOD_MATCH = YES;
				"CODE_SIGN_IDENTITY[sdk=iphoneos*]" = "iPhone Developer";
				COPY_PHASE_STRIP = NO;
				DEBUG_INFORMATION_FORMAT = "dwarf-with-dsym";
				ENABLE_NS_ASSERTIONS = NO;
				ENABLE_STRICT_OBJC_MSGSEND = YES;
				GCC_C_LANGUAGE_STANDARD = gnu99;
				GCC_NO_COMMON_BLOCKS = YES;
				GCC_WARN_64_TO_32_BIT_CONVERSION = YES;
				GCC_WARN_ABOUT_RETURN_TYPE = YES_ERROR;
				GCC_WARN_UNDECLARED_SELECTOR = YES;
				GCC_WARN_UNINITIALIZED_AUTOS = YES_AGGRESSIVE;
				GCC_WARN_UNUSED_FUNCTION = YES;
				GCC_WARN_UNUSED_VARIABLE = YES;
				IPHONEOS_DEPLOYMENT_TARGET = 9.0;
				MTL_ENABLE_DEBUG_INFO = NO;
				SDKROOT = iphoneos;
				TARGETED_DEVICE_FAMILY = "1,2";
				VALIDATE_PRODUCT = YES;
			};
			name = Release;
		};
		03675E3A1B9792E800FD589A /* Debug */ = {
			isa = XCBuildConfiguration;
			buildSettings = {
				ASSETCATALOG_COMPILER_APPICON_NAME = AppIcon;
				INFOPLIST_FILE = ScrollingTabController/Info.plist;
				LD_RUNPATH_SEARCH_PATHS = "$(inherited) @executable_path/Frameworks";
				PRODUCT_BUNDLE_IDENTIFIER = com.willowtreeapps.ScrollingTabController;
				PRODUCT_NAME = "$(TARGET_NAME)";
			};
			name = Debug;
		};
		03675E3B1B9792E800FD589A /* Release */ = {
			isa = XCBuildConfiguration;
			buildSettings = {
				ASSETCATALOG_COMPILER_APPICON_NAME = AppIcon;
				INFOPLIST_FILE = ScrollingTabController/Info.plist;
				LD_RUNPATH_SEARCH_PATHS = "$(inherited) @executable_path/Frameworks";
				PRODUCT_BUNDLE_IDENTIFIER = com.willowtreeapps.ScrollingTabController;
				PRODUCT_NAME = "$(TARGET_NAME)";
			};
			name = Release;
		};
		03675E3D1B9792E800FD589A /* Debug */ = {
			isa = XCBuildConfiguration;
			buildSettings = {
				BUNDLE_LOADER = "$(TEST_HOST)";
				INFOPLIST_FILE = ScrollingTabControllerTests/Info.plist;
				LD_RUNPATH_SEARCH_PATHS = "$(inherited) @executable_path/Frameworks @loader_path/Frameworks";
				PRODUCT_BUNDLE_IDENTIFIER = com.willowtreeapps.ScrollingTabControllerTests;
				PRODUCT_NAME = "$(TARGET_NAME)";
				TEST_HOST = "$(BUILT_PRODUCTS_DIR)/ScrollingTabController.app/ScrollingTabController";
			};
			name = Debug;
		};
		03675E3E1B9792E800FD589A /* Release */ = {
			isa = XCBuildConfiguration;
			buildSettings = {
				BUNDLE_LOADER = "$(TEST_HOST)";
				INFOPLIST_FILE = ScrollingTabControllerTests/Info.plist;
				LD_RUNPATH_SEARCH_PATHS = "$(inherited) @executable_path/Frameworks @loader_path/Frameworks";
				PRODUCT_BUNDLE_IDENTIFIER = com.willowtreeapps.ScrollingTabControllerTests;
				PRODUCT_NAME = "$(TARGET_NAME)";
				TEST_HOST = "$(BUILT_PRODUCTS_DIR)/ScrollingTabController.app/ScrollingTabController";
			};
			name = Release;
		};
/* End XCBuildConfiguration section */

/* Begin XCConfigurationList section */
		03675E171B9792E800FD589A /* Build configuration list for PBXProject "ScrollingTabController" */ = {
			isa = XCConfigurationList;
			buildConfigurations = (
				03675E371B9792E800FD589A /* Debug */,
				03675E381B9792E800FD589A /* Release */,
			);
			defaultConfigurationIsVisible = 0;
			defaultConfigurationName = Release;
		};
		03675E391B9792E800FD589A /* Build configuration list for PBXNativeTarget "ScrollingTabController" */ = {
			isa = XCConfigurationList;
			buildConfigurations = (
				03675E3A1B9792E800FD589A /* Debug */,
				03675E3B1B9792E800FD589A /* Release */,
			);
			defaultConfigurationIsVisible = 0;
		};
		03675E3C1B9792E800FD589A /* Build configuration list for PBXNativeTarget "ScrollingTabControllerTests" */ = {
			isa = XCConfigurationList;
			buildConfigurations = (
				03675E3D1B9792E800FD589A /* Debug */,
				03675E3E1B9792E800FD589A /* Release */,
			);
			defaultConfigurationIsVisible = 0;
		};
/* End XCConfigurationList section */
	};
	rootObject = 03675E141B9792E800FD589A /* Project object */;
}
